// !$*UTF8*$!
{
	archiveVersion = 1;
	classes = {
	};
	objectVersion = 77;
	objects = {

/* Begin PBXBuildFile section */
		4F7BB50C2EBA511B0027CDDB /* SwiftProtobuf in Frameworks */ = {isa = PBXBuildFile; productRef = 4F7BB50B2EBA511B0027CDDB /* SwiftProtobuf */; };
		5A1B2C3D4E5F60718293A4B6 /* MCP in Frameworks */ = {isa = PBXBuildFile; productRef = 5A1B2C3D4E5F60718293A4B7 /* MCP */; };
		AC1000000000000000000001 /* AncrateWidgets.appex in Embed App Extensions */ = {isa = PBXBuildFile; fileRef = AC1000000000000000000002 /* AncrateWidgets.appex */; settings = {ATTRIBUTES = (RemoveHeadersOnCopy, ); }; };
/* End PBXBuildFile section */

/* Begin PBXContainerItemProxy section */
		4F481C872EA64642008DB8DE /* PBXContainerItemProxy */ = {
			isa = PBXContainerItemProxy;
			containerPortal = 4F481C6D2EA64640008DB8DE /* Project object */;
			proxyType = 1;
			remoteGlobalIDString = 4F481C742EA64640008DB8DE;
			remoteInfo = NotesToDo;
		};
		4F481C912EA64642008DB8DE /* PBXContainerItemProxy */ = {
			isa = PBXContainerItemProxy;
			containerPortal = 4F481C6D2EA64640008DB8DE /* Project object */;
			proxyType = 1;
			remoteGlobalIDString = 4F481C742EA64640008DB8DE;
			remoteInfo = NotesToDo;
		};
		AC1000000000000000000003 /* PBXContainerItemProxy */ = {
			isa = PBXContainerItemProxy;
			containerPortal = 4F481C6D2EA64640008DB8DE /* Project object */;
			proxyType = 1;
			remoteGlobalIDString = AC1000000000000000000004;
			remoteInfo = AncrateWidgets;
		};
/* End PBXContainerItemProxy section */

/* Begin PBXCopyFilesBuildPhase section */
		AC100000000000000000000C /* Embed App Extensions */ = {
			isa = PBXCopyFilesBuildPhase;
			buildActionMask = 2147483647;
			dstPath = "";
			dstSubfolderSpec = 13;
			files = (
				AC1000000000000000000001 /* AncrateWidgets.appex in Embed App Extensions */,
			);
			name = "Embed App Extensions";
			runOnlyForDeploymentPostprocessing = 0;
		};
/* End PBXCopyFilesBuildPhase section */

/* Begin PBXFileReference section */
		4F481C752EA64640008DB8DE /* Ancrate.app */ = {isa = PBXFileReference; explicitFileType = wrapper.application; includeInIndex = 0; path = Ancrate.app; sourceTree = BUILT_PRODUCTS_DIR; };
		4F481C862EA64642008DB8DE /* AncrateTests.xctest */ = {isa = PBXFileReference; explicitFileType = wrapper.cfbundle; includeInIndex = 0; path = AncrateTests.xctest; sourceTree = BUILT_PRODUCTS_DIR; };
		4F481C902EA64642008DB8DE /* AncrateUITests.xctest */ = {isa = PBXFileReference; explicitFileType = wrapper.cfbundle; includeInIndex = 0; path = AncrateUITests.xctest; sourceTree = BUILT_PRODUCTS_DIR; };
		AC1000000000000000000002 /* AncrateWidgets.appex */ = {isa = PBXFileReference; explicitFileType = "wrapper.app-extension"; includeInIndex = 0; path = AncrateWidgets.appex; sourceTree = BUILT_PRODUCTS_DIR; };
/* End PBXFileReference section */

/* Begin PBXFileSystemSynchronizedBuildFileExceptionSet section */
		4F481C982EA64642008DB8DE /* Exceptions for "Ancrate" folder in "Ancrate" target */ = {
			isa = PBXFileSystemSynchronizedBuildFileExceptionSet;
			membershipExceptions = (
				Info.plist,
				Protos/apple_notes.proto,
			);
			target = 4F481C742EA64640008DB8DE /* Ancrate */;
		};
		AC1000000000000000000006 /* Exceptions for "AncrateWidgets" folder in "AncrateWidgets" target */ = {
			isa = PBXFileSystemSynchronizedBuildFileExceptionSet;
			membershipExceptions = (
				Info.plist,
			);
			target = AC1000000000000000000004 /* AncrateWidgets */;
		};
/* End PBXFileSystemSynchronizedBuildFileExceptionSet section */

/* Begin PBXFileSystemSynchronizedRootGroup section */
		4F481C772EA64640008DB8DE /* Ancrate */ = {
			isa = PBXFileSystemSynchronizedRootGroup;
			exceptions = (
				4F481C982EA64642008DB8DE /* Exceptions for "Ancrate" folder in "Ancrate" target */,
			);
			path = Ancrate;
			sourceTree = "<group>";
		};
		4F481C892EA64642008DB8DE /* AncrateTests */ = {
			isa = PBXFileSystemSynchronizedRootGroup;
			path = AncrateTests;
			sourceTree = "<group>";
		};
		4F481C932EA64642008DB8DE /* AncrateUITests */ = {
			isa = PBXFileSystemSynchronizedRootGroup;
			path = AncrateUITests;
			sourceTree = "<group>";
		};
		AC1000000000000000000007 /* AncrateWidgets */ = {
			isa = PBXFileSystemSynchronizedRootGroup;
			exceptions = (
				AC1000000000000000000006 /* Exceptions for "AncrateWidgets" folder in "AncrateWidgets" target */,
			);
			path = AncrateWidgets;
			sourceTree = "<group>";
		};
		AC1000000000000000000008 /* Shared */ = {
			isa = PBXFileSystemSynchronizedRootGroup;
			path = Shared;
			sourceTree = "<group>";
		};
/* End PBXFileSystemSynchronizedRootGroup section */

/* Begin PBXFrameworksBuildPhase section */
		4F481C722EA64640008DB8DE /* Frameworks */ = {
			isa = PBXFrameworksBuildPhase;
			buildActionMask = 2147483647;
			files = (
				4F7BB50C2EBA511B0027CDDB /* SwiftProtobuf in Frameworks */,
				5A1B2C3D4E5F60718293A4B6 /* MCP in Frameworks */,
			);
			runOnlyForDeploymentPostprocessing = 0;
		};
		4F481C832EA64642008DB8DE /* Frameworks */ = {
			isa = PBXFrameworksBuildPhase;
			buildActionMask = 2147483647;
			files = (
			);
			runOnlyForDeploymentPostprocessing = 0;
		};
		4F481C8D2EA64642008DB8DE /* Frameworks */ = {
			isa = PBXFrameworksBuildPhase;
			buildActionMask = 2147483647;
			files = (
			);
			runOnlyForDeploymentPostprocessing = 0;
		};
		AC100000000000000000000A /* Frameworks */ = {
			isa = PBXFrameworksBuildPhase;
			buildActionMask = 2147483647;
			files = (
			);
			runOnlyForDeploymentPostprocessing = 0;
		};
/* End PBXFrameworksBuildPhase section */

/* Begin PBXGroup section */
		4F481C6C2EA64640008DB8DE = {
			isa = PBXGroup;
			children = (
				4F481C772EA64640008DB8DE /* Ancrate */,
				4F481C892EA64642008DB8DE /* AncrateTests */,
				4F481C932EA64642008DB8DE /* AncrateUITests */,
				AC1000000000000000000007 /* AncrateWidgets */,
				AC1000000000000000000008 /* Shared */,
				4F481C762EA64640008DB8DE /* Products */,
			);
			sourceTree = "<group>";
		};
		4F481C762EA64640008DB8DE /* Products */ = {
			isa = PBXGroup;
			children = (
				4F481C752EA64640008DB8DE /* Ancrate.app */,
				4F481C862EA64642008DB8DE /* AncrateTests.xctest */,
				4F481C902EA64642008DB8DE /* AncrateUITests.xctest */,
				AC1000000000000000000002 /* AncrateWidgets.appex */,
			);
			name = Products;
			sourceTree = "<group>";
		};
/* End PBXGroup section */

/* Begin PBXNativeTarget section */
		4F481C742EA64640008DB8DE /* Ancrate */ = {
			isa = PBXNativeTarget;
			buildConfigurationList = 4F481C992EA64642008DB8DE /* Build configuration list for PBXNativeTarget "Ancrate" */;
			buildPhases = (
				4F481C712EA64640008DB8DE /* Sources */,
				4F481C722EA64640008DB8DE /* Frameworks */,
				4F481C732EA64640008DB8DE /* Resources */,
				AC100000000000000000000C /* Embed App Extensions */,
			);
			buildRules = (
			);
			dependencies = (
				AC1000000000000000000005 /* PBXTargetDependency */,
			);
			fileSystemSynchronizedGroups = (
				4F481C772EA64640008DB8DE /* Ancrate */,
				AC1000000000000000000008 /* Shared */,
			);
			name = Ancrate;
			packageProductDependencies = (
				4F7BB50B2EBA511B0027CDDB /* SwiftProtobuf */,
				5A1B2C3D4E5F60718293A4B7 /* MCP */,
			);
			productName = NotesToDo;
			productReference = 4F481C752EA64640008DB8DE /* Ancrate.app */;
			productType = "com.apple.product-type.application";
		};
		4F481C852EA64642008DB8DE /* AncrateTests */ = {
			isa = PBXNativeTarget;
			buildConfigurationList = 4F481C9E2EA64642008DB8DE /* Build configuration list for PBXNativeTarget "AncrateTests" */;
			buildPhases = (
				4F481C822EA64642008DB8DE /* Sources */,
				4F481C832EA64642008DB8DE /* Frameworks */,
				4F481C842EA64642008DB8DE /* Resources */,
			);
			buildRules = (
			);
			dependencies = (
				4F481C882EA64642008DB8DE /* PBXTargetDependency */,
			);
			fileSystemSynchronizedGroups = (
				4F481C892EA64642008DB8DE /* AncrateTests */,
			);
			name = AncrateTests;
			packageProductDependencies = (
			);
			productName = NotesToDoTests;
			productReference = 4F481C862EA64642008DB8DE /* AncrateTests.xctest */;
			productType = "com.apple.product-type.bundle.unit-test";
		};
		4F481C8F2EA64642008DB8DE /* AncrateUITests */ = {
			isa = PBXNativeTarget;
			buildConfigurationList = 4F481CA12EA64642008DB8DE /* Build configuration list for PBXNativeTarget "AncrateUITests" */;
			buildPhases = (
				4F481C8C2EA64642008DB8DE /* Sources */,
				4F481C8D2EA64642008DB8DE /* Frameworks */,
				4F481C8E2EA64642008DB8DE /* Resources */,
			);
			buildRules = (
			);
			dependencies = (
				4F481C922EA64642008DB8DE /* PBXTargetDependency */,
			);
			fileSystemSynchronizedGroups = (
				4F481C932EA64642008DB8DE /* AncrateUITests */,
			);
			name = AncrateUITests;
			packageProductDependencies = (
			);
			productName = NotesToDoUITests;
			productReference = 4F481C902EA64642008DB8DE /* AncrateUITests.xctest */;
			productType = "com.apple.product-type.bundle.ui-testing";
		};
		AC1000000000000000000004 /* AncrateWidgets */ = {
			isa = PBXNativeTarget;
			buildConfigurationList = AC100000000000000000000D /* Build configuration list for PBXNativeTarget "AncrateWidgets" */;
			buildPhases = (
				AC1000000000000000000009 /* Sources */,
				AC100000000000000000000A /* Frameworks */,
				AC100000000000000000000B /* Resources */,
			);
			buildRules = (
			);
			dependencies = (
			);
			fileSystemSynchronizedGroups = (
				AC1000000000000000000007 /* AncrateWidgets */,
				AC1000000000000000000008 /* Shared */,
			);
			name = AncrateWidgets;
			productName = AncrateWidgets;
			productReference = AC1000000000000000000002 /* AncrateWidgets.appex */;
			productType = "com.apple.product-type.app-extension";
		};
/* End PBXNativeTarget section */

/* Begin PBXProject section */
		4F481C6D2EA64640008DB8DE /* Project object */ = {
			isa = PBXProject;
			attributes = {
				BuildIndependentTargetsInParallel = 1;
				LastSwiftUpdateCheck = 1640;
				LastUpgradeCheck = 1640;
				TargetAttributes = {
					4F481C742EA64640008DB8DE = {
						CreatedOnToolsVersion = 16.4;
					};
					4F481C852EA64642008DB8DE = {
						CreatedOnToolsVersion = 16.4;
						TestTargetID = 4F481C742EA64640008DB8DE;
					};
					4F481C8F2EA64642008DB8DE = {
						CreatedOnToolsVersion = 16.4;
						TestTargetID = 4F481C742EA64640008DB8DE;
					};
				};
			};
			buildConfigurationList = 4F481C702EA64640008DB8DE /* Build configuration list for PBXProject "Ancrate" */;
			developmentRegion = en;
			hasScannedForEncodings = 0;
			knownRegions = (
				en,
				Base,
			);
			mainGroup = 4F481C6C2EA64640008DB8DE;
			minimizedProjectReferenceProxies = 1;
			packageReferences = (
				4F7BB50A2EBA511B0027CDDB /* XCRemoteSwiftPackageReference "swift-protobuf" */,
				5A1B2C3D4E5F60718293A4B5 /* XCRemoteSwiftPackageReference "swift-sdk" */,
			);
			preferredProjectObjectVersion = 77;
			productRefGroup = 4F481C762EA64640008DB8DE /* Products */;
			projectDirPath = "";
			projectRoot = "";
			targets = (
				4F481C742EA64640008DB8DE /* Ancrate */,
				4F481C852EA64642008DB8DE /* AncrateTests */,
				4F481C8F2EA64642008DB8DE /* AncrateUITests */,
				AC1000000000000000000004 /* AncrateWidgets */,
			);
		};
/* End PBXProject section */

/* Begin PBXResourcesBuildPhase section */
		4F481C732EA64640008DB8DE /* Resources */ = {
			isa = PBXResourcesBuildPhase;
			buildActionMask = 2147483647;
			files = (
			);
			runOnlyForDeploymentPostprocessing = 0;
		};
		4F481C842EA64642008DB8DE /* Resources */ = {
			isa = PBXResourcesBuildPhase;
			buildActionMask = 2147483647;
			files = (
			);
			runOnlyForDeploymentPostprocessing = 0;
		};
		4F481C8E2EA64642008DB8DE /* Resources */ = {
			isa = PBXResourcesBuildPhase;
			buildActionMask = 2147483647;
			files = (
			);
			runOnlyForDeploymentPostprocessing = 0;
		};
		AC100000000000000000000B /* Resources */ = {
			isa = PBXResourcesBuildPhase;
			buildActionMask = 2147483647;
			files = (
			);
			runOnlyForDeploymentPostprocessing = 0;
		};
/* End PBXResourcesBuildPhase section */

/* Begin PBXSourcesBuildPhase section */
		4F481C712EA64640008DB8DE /* Sources */ = {
			isa = PBXSourcesBuildPhase;
			buildActionMask = 2147483647;
			files = (
			);
			runOnlyForDeploymentPostprocessing = 0;
		};
		4F481C822EA64642008DB8DE /* Sources */ = {
			isa = PBXSourcesBuildPhase;
			buildActionMask = 2147483647;
			files = (
			);
			runOnlyForDeploymentPostprocessing = 0;
		};
		4F481C8C2EA64642008DB8DE /* Sources */ = {
			isa = PBXSourcesBuildPhase;
			buildActionMask = 2147483647;
			files = (
			);
			runOnlyForDeploymentPostprocessing = 0;
		};
		AC1000000000000000000009 /* Sources */ = {
			isa = PBXSourcesBuildPhase;
			buildActionMask = 2147483647;
			files = (
			);
			runOnlyForDeploymentPostprocessing = 0;
		};
/* End PBXSourcesBuildPhase section */

/* Begin PBXTargetDependency section */
		4F481C882EA64642008DB8DE /* PBXTargetDependency */ = {
			isa = PBXTargetDependency;
			target = 4F481C742EA64640008DB8DE /* Ancrate */;
			targetProxy = 4F481C872EA64642008DB8DE /* PBXContainerItemProxy */;
		};
		4F481C922EA64642008DB8DE /* PBXTargetDependency */ = {
			isa = PBXTargetDependency;
			target = 4F481C742EA64640008DB8DE /* Ancrate */;
			targetProxy = 4F481C912EA64642008DB8DE /* PBXContainerItemProxy */;
		};
		AC1000000000000000000005 /* PBXTargetDependency */ = {
			isa = PBXTargetDependency;
			platformFilters = (
				macos,
			);
			target = AC1000000000000000000004 /* AncrateWidgets */;
			targetProxy = AC1000000000000000000003 /* PBXContainerItemProxy */;
		};
/* End PBXTargetDependency section */

/* Begin XCBuildConfiguration section */
		4F481C9A2EA64642008DB8DE /* Debug */ = {
			isa = XCBuildConfiguration;
			buildSettings = {
				ASSETCATALOG_COMPILER_APPICON_NAME = AppIcon;
				CODE_SIGN_ENTITLEMENTS = Ancrate/Ancrate.entitlements;
				"CODE_SIGN_ENTITLEMENTS[sdk=macosx*]" = "Ancrate/Ancrate-macOS.entitlements";
				CODE_SIGN_STYLE = Automatic;
				CURRENT_PROJECT_VERSION = 1;
				DEVELOPMENT_TEAM = DHKZ7WR43P;
				ENABLE_HARDENED_RUNTIME = YES;
				ENABLE_PREVIEWS = YES;
				GENERATE_INFOPLIST_FILE = YES;
				INFOPLIST_FILE = Ancrate/Info.plist;
				"INFOPLIST_KEY_UIApplicationSceneManifest_Generation[sdk=iphoneos*]" = YES;
				"INFOPLIST_KEY_UIApplicationSceneManifest_Generation[sdk=iphonesimulator*]" = YES;
				"INFOPLIST_KEY_UIApplicationSupportsIndirectInputEvents[sdk=iphoneos*]" = YES;
				"INFOPLIST_KEY_UIApplicationSupportsIndirectInputEvents[sdk=iphonesimulator*]" = YES;
				"INFOPLIST_KEY_UILaunchScreen_Generation[sdk=iphoneos*]" = YES;
				"INFOPLIST_KEY_UILaunchScreen_Generation[sdk=iphonesimulator*]" = YES;
				"INFOPLIST_KEY_UIStatusBarStyle[sdk=iphoneos*]" = UIStatusBarStyleDefault;
				"INFOPLIST_KEY_UIStatusBarStyle[sdk=iphonesimulator*]" = UIStatusBarStyleDefault;
				INFOPLIST_KEY_UISupportedInterfaceOrientations_iPad = "UIInterfaceOrientationPortrait UIInterfaceOrientationPortraitUpsideDown UIInterfaceOrientationLandscapeLeft UIInterfaceOrientationLandscapeRight";
				INFOPLIST_KEY_UISupportedInterfaceOrientations_iPhone = "UIInterfaceOrientationPortrait UIInterfaceOrientationLandscapeLeft UIInterfaceOrientationLandscapeRight";
				IPHONEOS_DEPLOYMENT_TARGET = 18.5;
				LD_RUNPATH_SEARCH_PATHS = "@executable_path/Frameworks";
				"LD_RUNPATH_SEARCH_PATHS[sdk=macosx*]" = "@executable_path/../Frameworks";
				MACOSX_DEPLOYMENT_TARGET = 14.0;
				MARKETING_VERSION = 1.0;
				PRODUCT_BUNDLE_IDENTIFIER = com.sakrist.Ancrate;
				PRODUCT_NAME = "$(TARGET_NAME)";
				REGISTER_APP_GROUPS = YES;
				SDKROOT = auto;
				SUPPORTED_PLATFORMS = "iphoneos iphonesimulator macosx xros xrsimulator";
				SWIFT_EMIT_LOC_STRINGS = YES;
				SWIFT_VERSION = 5.0;
				TARGETED_DEVICE_FAMILY = "1,2,7";
				XROS_DEPLOYMENT_TARGET = 2.5;
			};
			name = Debug;
		};
		4F481C9B2EA64642008DB8DE /* Release */ = {
			isa = XCBuildConfiguration;
			buildSettings = {
				ASSETCATALOG_COMPILER_APPICON_NAME = AppIcon;
				CODE_SIGN_ENTITLEMENTS = Ancrate/Ancrate.entitlements;
				"CODE_SIGN_ENTITLEMENTS[sdk=macosx*]" = "Ancrate/Ancrate-macOS.entitlements";
				CODE_SIGN_STYLE = Automatic;
				CURRENT_PROJECT_VERSION = 1;
				DEVELOPMENT_TEAM = DHKZ7WR43P;
				ENABLE_HARDENED_RUNTIME = YES;
				ENABLE_PREVIEWS = YES;
				GENERATE_INFOPLIST_FILE = YES;
				INFOPLIST_FILE = Ancrate/Info.plist;
				"INFOPLIST_KEY_UIApplicationSceneManifest_Generation[sdk=iphoneos*]" = YES;
				"INFOPLIST_KEY_UIApplicationSceneManifest_Generation[sdk=iphonesimulator*]" = YES;
				"INFOPLIST_KEY_UIApplicationSupportsIndirectInputEvents[sdk=iphoneos*]" = YES;
				"INFOPLIST_KEY_UIApplicationSupportsIndirectInputEvents[sdk=iphonesimulator*]" = YES;
				"INFOPLIST_KEY_UILaunchScreen_Generation[sdk=iphoneos*]" = YES;
				"INFOPLIST_KEY_UILaunchScreen_Generation[sdk=iphonesimulator*]" = YES;
				"INFOPLIST_KEY_UIStatusBarStyle[sdk=iphoneos*]" = UIStatusBarStyleDefault;
				"INFOPLIST_KEY_UIStatusBarStyle[sdk=iphonesimulator*]" = UIStatusBarStyleDefault;
				INFOPLIST_KEY_UISupportedInterfaceOrientations_iPad = "UIInterfaceOrientationPortrait UIInterfaceOrientationPortraitUpsideDown UIInterfaceOrientationLandscapeLeft UIInterfaceOrientationLandscapeRight";
				INFOPLIST_KEY_UISupportedInterfaceOrientations_iPhone = "UIInterfaceOrientationPortrait UIInterfaceOrientationLandscapeLeft UIInterfaceOrientationLandscapeRight";
				IPHONEOS_DEPLOYMENT_TARGET = 18.5;
				LD_RUNPATH_SEARCH_PATHS = "@executable_path/Frameworks";
				"LD_RUNPATH_SEARCH_PATHS[sdk=macosx*]" = "@executable_path/../Frameworks";
				MACOSX_DEPLOYMENT_TARGET = 14.0;
				MARKETING_VERSION = 1.0;
				PRODUCT_BUNDLE_IDENTIFIER = com.sakrist.Ancrate;
				PRODUCT_NAME = "$(TARGET_NAME)";
				REGISTER_APP_GROUPS = YES;
				SDKROOT = auto;
				SUPPORTED_PLATFORMS = "iphoneos iphonesimulator macosx xros xrsimulator";
				SWIFT_EMIT_LOC_STRINGS = YES;
				SWIFT_VERSION = 5.0;
				TARGETED_DEVICE_FAMILY = "1,2,7";
				XROS_DEPLOYMENT_TARGET = 2.5;
			};
			name = Release;
		};
		4F481C9C2EA64642008DB8DE /* Debug */ = {
			isa = XCBuildConfiguration;
			buildSettings = {
				ALWAYS_SEARCH_USER_PATHS = NO;
				ASSETCATALOG_COMPILER_GENERATE_SWIFT_ASSET_SYMBOL_EXTENSIONS = YES;
				CLANG_ANALYZER_NONNULL = YES;
				CLANG_ANALYZER_NUMBER_OBJECT_CONVERSION = YES_AGGRESSIVE;
				CLANG_CXX_LANGUAGE_STANDARD = "gnu++20";
				CLANG_ENABLE_MODULES = YES;
				CLANG_ENABLE_OBJC_ARC = YES;
				CLANG_ENABLE_OBJC_WEAK = YES;
				CLANG_WARN_BLOCK_CAPTURE_AUTORELEASING = YES;
				CLANG_WARN_BOOL_CONVERSION = YES;
				CLANG_WARN_COMMA = YES;
				CLANG_WARN_CONSTANT_CONVERSION = YES;
				CLANG_WARN_DEPRECATED_OBJC_IMPLEMENTATIONS = YES;
				CLANG_WARN_DIRECT_OBJC_ISA_USAGE = YES_ERROR;
				CLANG_WARN_DOCUMENTATION_COMMENTS = YES;
				CLANG_WARN_EMPTY_BODY = YES;
				CLANG_WARN_ENUM_CONVERSION = YES;
				CLANG_WARN_INFINITE_RECURSION = YES;
				CLANG_WARN_INT_CONVERSION = YES;
				CLANG_WARN_NON_LITERAL_NULL_CONVERSION = YES;
				CLANG_WARN_OBJC_IMPLICIT_RETAIN_SELF = YES;
				CLANG_WARN_OBJC_LITERAL_CONVERSION = YES;
				CLANG_WARN_OBJC_ROOT_CLASS = YES_ERROR;
				CLANG_WARN_QUOTED_INCLUDE_IN_FRAMEWORK_HEADER = YES;
				CLANG_WARN_RANGE_LOOP_ANALYSIS = YES;
				CLANG_WARN_STRICT_PROTOTYPES = YES;
				CLANG_WARN_SUSPICIOUS_MOVE = YES;
				CLANG_WARN_UNGUARDED_AVAILABILITY = YES_AGGRESSIVE;
				CLANG_WARN_UNREACHABLE_CODE = YES;
				CLANG_WARN__DUPLICATE_METHOD_MATCH = YES;
				COPY_PHASE_STRIP = NO;
				DEBUG_INFORMATION_FORMAT = dwarf;
				DEVELOPMENT_TEAM = DHKZ7WR43P;
				ENABLE_STRICT_OBJC_MSGSEND = YES;
				ENABLE_TESTABILITY = YES;
				ENABLE_USER_SCRIPT_SANDBOXING = YES;
				GCC_C_LANGUAGE_STANDARD = gnu17;
				GCC_DYNAMIC_NO_PIC = NO;
				GCC_NO_COMMON_BLOCKS = YES;
				GCC_OPTIMIZATION_LEVEL = 0;
				GCC_PREPROCESSOR_DEFINITIONS = (
					"DEBUG=1",
					"$(inherited)",
				);
				GCC_WARN_64_TO_32_BIT_CONVERSION = YES;
				GCC_WARN_ABOUT_RETURN_TYPE = YES_ERROR;
				GCC_WARN_UNDECLARED_SELECTOR = YES;
				GCC_WARN_UNINITIALIZED_AUTOS = YES_AGGRESSIVE;
				GCC_WARN_UNUSED_FUNCTION = YES;
				GCC_WARN_UNUSED_VARIABLE = YES;
				LOCALIZATION_PREFERS_STRING_CATALOGS = YES;
				MTL_ENABLE_DEBUG_INFO = INCLUDE_SOURCE;
				MTL_FAST_MATH = YES;
				ONLY_ACTIVE_ARCH = YES;
				SWIFT_ACTIVE_COMPILATION_CONDITIONS = "DEBUG $(inherited)";
				SWIFT_OPTIMIZATION_LEVEL = "-Onone";
			};
			name = Debug;
		};
		4F481C9D2EA64642008DB8DE /* Release */ = {
			isa = XCBuildConfiguration;
			buildSettings = {
				ALWAYS_SEARCH_USER_PATHS = NO;
				ASSETCATALOG_COMPILER_GENERATE_SWIFT_ASSET_SYMBOL_EXTENSIONS = YES;
				CLANG_ANALYZER_NONNULL = YES;
				CLANG_ANALYZER_NUMBER_OBJECT_CONVERSION = YES_AGGRESSIVE;
				CLANG_CXX_LANGUAGE_STANDARD = "gnu++20";
				CLANG_ENABLE_MODULES = YES;
				CLANG_ENABLE_OBJC_ARC = YES;
				CLANG_ENABLE_OBJC_WEAK = YES;
				CLANG_WARN_BLOCK_CAPTURE_AUTORELEASING = YES;
				CLANG_WARN_BOOL_CONVERSION = YES;
				CLANG_WARN_COMMA = YES;
				CLANG_WARN_CONSTANT_CONVERSION = YES;
				CLANG_WARN_DEPRECATED_OBJC_IMPLEMENTATIONS = YES;
				CLANG_WARN_DIRECT_OBJC_ISA_USAGE = YES_ERROR;
				CLANG_WARN_DOCUMENTATION_COMMENTS = YES;
				CLANG_WARN_EMPTY_BODY = YES;
				CLANG_WARN_ENUM_CONVERSION = YES;
				CLANG_WARN_INFINITE_RECURSION = YES;
				CLANG_WARN_INT_CONVERSION = YES;
				CLANG_WARN_NON_LITERAL_NULL_CONVERSION = YES;
				CLANG_WARN_OBJC_IMPLICIT_RETAIN_SELF = YES;
				CLANG_WARN_OBJC_LITERAL_CONVERSION = YES;
				CLANG_WARN_OBJC_ROOT_CLASS = YES_ERROR;
				CLANG_WARN_QUOTED_INCLUDE_IN_FRAMEWORK_HEADER = YES;
				CLANG_WARN_RANGE_LOOP_ANALYSIS = YES;
				CLANG_WARN_STRICT_PROTOTYPES = YES;
				CLANG_WARN_SUSPICIOUS_MOVE = YES;
				CLANG_WARN_UNGUARDED_AVAILABILITY = YES_AGGRESSIVE;
				CLANG_WARN_UNREACHABLE_CODE = YES;
				CLANG_WARN__DUPLICATE_METHOD_MATCH = YES;
				COPY_PHASE_STRIP = NO;
				DEBUG_INFORMATION_FORMAT = "dwarf-with-dsym";
				DEVELOPMENT_TEAM = DHKZ7WR43P;
				ENABLE_NS_ASSERTIONS = NO;
				ENABLE_STRICT_OBJC_MSGSEND = YES;
				ENABLE_USER_SCRIPT_SANDBOXING = YES;
				GCC_C_LANGUAGE_STANDARD = gnu17;
				GCC_NO_COMMON_BLOCKS = YES;
				GCC_WARN_64_TO_32_BIT_CONVERSION = YES;
				GCC_WARN_ABOUT_RETURN_TYPE = YES_ERROR;
				GCC_WARN_UNDECLARED_SELECTOR = YES;
				GCC_WARN_UNINITIALIZED_AUTOS = YES_AGGRESSIVE;
				GCC_WARN_UNUSED_FUNCTION = YES;
				GCC_WARN_UNUSED_VARIABLE = YES;
				LOCALIZATION_PREFERS_STRING_CATALOGS = YES;
				MTL_ENABLE_DEBUG_INFO = NO;
				MTL_FAST_MATH = YES;
				SWIFT_COMPILATION_MODE = wholemodule;
			};
			name = Release;
		};
		4F481C9F2EA64642008DB8DE /* Debug */ = {
			isa = XCBuildConfiguration;
			buildSettings = {
				BUNDLE_LOADER = "$(TEST_HOST)";
				CODE_SIGN_STYLE = Automatic;
				CURRENT_PROJECT_VERSION = 1;
				DEVELOPMENT_TEAM = DHKZ7WR43P;
				GENERATE_INFOPLIST_FILE = YES;
				IPHONEOS_DEPLOYMENT_TARGET = 18.5;
				MACOSX_DEPLOYMENT_TARGET = 15.5;
				MARKETING_VERSION = 1.0;
				PRODUCT_BUNDLE_IDENTIFIER = com.sakrist.AncrateTests;
				PRODUCT_NAME = "$(TARGET_NAME)";
				SDKROOT = auto;
				SUPPORTED_PLATFORMS = "iphoneos iphonesimulator macosx xros xrsimulator";
				SWIFT_EMIT_LOC_STRINGS = NO;
				SWIFT_VERSION = 5.0;
				TARGETED_DEVICE_FAMILY = "1,2,7";
				TEST_HOST = "$(BUILT_PRODUCTS_DIR)/Ancrate.app/$(BUNDLE_EXECUTABLE_FOLDER_PATH)/Ancrate";
				XROS_DEPLOYMENT_TARGET = 2.5;
			};
			name = Debug;
		};
		4F481CA02EA64642008DB8DE /* Release */ = {
			isa = XCBuildConfiguration;
			buildSettings = {
				BUNDLE_LOADER = "$(TEST_HOST)";
				CODE_SIGN_STYLE = Automatic;
				CURRENT_PROJECT_VERSION = 1;
				DEVELOPMENT_TEAM = DHKZ7WR43P;
				GENERATE_INFOPLIST_FILE = YES;
				IPHONEOS_DEPLOYMENT_TARGET = 18.5;
				MACOSX_DEPLOYMENT_TARGET = 15.5;
				MARKETING_VERSION = 1.0;
				PRODUCT_BUNDLE_IDENTIFIER = com.sakrist.AncrateTests;
				PRODUCT_NAME = "$(TARGET_NAME)";
				SDKROOT = auto;
				SUPPORTED_PLATFORMS = "iphoneos iphonesimulator macosx xros xrsimulator";
				SWIFT_EMIT_LOC_STRINGS = NO;
				SWIFT_VERSION = 5.0;
				TARGETED_DEVICE_FAMILY = "1,2,7";
				TEST_HOST = "$(BUILT_PRODUCTS_DIR)/Ancrate.app/$(BUNDLE_EXECUTABLE_FOLDER_PATH)/Ancrate";
				XROS_DEPLOYMENT_TARGET = 2.5;
			};
			name = Release;
		};
		4F481CA22EA64642008DB8DE /* Debug */ = {
			isa = XCBuildConfiguration;
			buildSettings = {
				CODE_SIGN_STYLE = Automatic;
				CURRENT_PROJECT_VERSION = 1;
				DEVELOPMENT_TEAM = DHKZ7WR43P;
				GENERATE_INFOPLIST_FILE = YES;
				IPHONEOS_DEPLOYMENT_TARGET = 18.5;
				MACOSX_DEPLOYMENT_TARGET = 15.5;
				MARKETING_VERSION = 1.0;
				PRODUCT_BUNDLE_IDENTIFIER = com.sakrist.AncrateUITests;
				PRODUCT_NAME = "$(TARGET_NAME)";
				SDKROOT = auto;
				SUPPORTED_PLATFORMS = "iphoneos iphonesimulator macosx xros xrsimulator";
				SWIFT_EMIT_LOC_STRINGS = NO;
				SWIFT_VERSION = 5.0;
				TARGETED_DEVICE_FAMILY = "1,2,7";
				TEST_TARGET_NAME = Ancrate;
				XROS_DEPLOYMENT_TARGET = 2.5;
			};
			name = Debug;
		};
		4F481CA32EA64642008DB8DE /* Release */ = {
			isa = XCBuildConfiguration;
			buildSettings = {
				CODE_SIGN_STYLE = Automatic;
				CURRENT_PROJECT_VERSION = 1;
				DEVELOPMENT_TEAM = DHKZ7WR43P;
				GENERATE_INFOPLIST_FILE = YES;
				IPHONEOS_DEPLOYMENT_TARGET = 18.5;
				MACOSX_DEPLOYMENT_TARGET = 15.5;
				MARKETING_VERSION = 1.0;
				PRODUCT_BUNDLE_IDENTIFIER = com.sakrist.AncrateUITests;
				PRODUCT_NAME = "$(TARGET_NAME)";
				SDKROOT = auto;
				SUPPORTED_PLATFORMS = "iphoneos iphonesimulator macosx xros xrsimulator";
				SWIFT_EMIT_LOC_STRINGS = NO;
				SWIFT_VERSION = 5.0;
				TARGETED_DEVICE_FAMILY = "1,2,7";
				TEST_TARGET_NAME = Ancrate;
				XROS_DEPLOYMENT_TARGET = 2.5;
			};
			name = Release;
		};
		AC100000000000000000000E /* Debug */ = {
			isa = XCBuildConfiguration;
			buildSettings = {
				APPLICATION_EXTENSION_API_ONLY = YES;
				CODE_SIGN_ENTITLEMENTS = AncrateWidgets/AncrateWidgets.entitlements;
				CODE_SIGN_STYLE = Automatic;
				CURRENT_PROJECT_VERSION = 1;
				DEVELOPMENT_TEAM = DHKZ7WR43P;
				ENABLE_HARDENED_RUNTIME = YES;
				GENERATE_INFOPLIST_FILE = YES;
				INFOPLIST_FILE = AncrateWidgets/Info.plist;
				INFOPLIST_KEY_CFBundleDisplayName = "Ancrate To-dos";
				LD_RUNPATH_SEARCH_PATHS = (
					"$(inherited)",
					"@executable_path/../Frameworks",
					"@executable_path/../../../../Frameworks",
				);
				MACOSX_DEPLOYMENT_TARGET = 14.0;
				MARKETING_VERSION = 1.0;
				PRODUCT_BUNDLE_IDENTIFIER = com.sakrist.Ancrate.Widgets;
				PRODUCT_NAME = "$(TARGET_NAME)";
				REGISTER_APP_GROUPS = YES;
				SDKROOT = macosx;
				SKIP_INSTALL = YES;
				SUPPORTED_PLATFORMS = macosx;
				SWIFT_OPTIMIZATION_LEVEL = "-Onone";
				SWIFT_VERSION = 5.0;
			};
			name = Debug;
		};
		AC100000000000000000000F /* Release */ = {
			isa = XCBuildConfiguration;
			buildSettings = {
				APPLICATION_EXTENSION_API_ONLY = YES;
				CODE_SIGN_ENTITLEMENTS = AncrateWidgets/AncrateWidgets.entitlements;
				CODE_SIGN_STYLE = Automatic;
				CURRENT_PROJECT_VERSION = 1;
				DEVELOPMENT_TEAM = DHKZ7WR43P;
				ENABLE_HARDENED_RUNTIME = YES;
				GENERATE_INFOPLIST_FILE = YES;
				INFOPLIST_FILE = AncrateWidgets/Info.plist;
				INFOPLIST_KEY_CFBundleDisplayName = "Ancrate To-dos";
				LD_RUNPATH_SEARCH_PATHS = (
					"$(inherited)",
					"@executable_path/../Frameworks",
					"@executable_path/../../../../Frameworks",
				);
				MACOSX_DEPLOYMENT_TARGET = 14.0;
				MARKETING_VERSION = 1.0;
				PRODUCT_BUNDLE_IDENTIFIER = com.sakrist.Ancrate.Widgets;
				PRODUCT_NAME = "$(TARGET_NAME)";
				REGISTER_APP_GROUPS = YES;
				SDKROOT = macosx;
				SKIP_INSTALL = YES;
				SUPPORTED_PLATFORMS = macosx;
				SWIFT_VERSION = 5.0;
			};
			name = Release;
		};
/* End XCBuildConfiguration section */

/* Begin XCConfigurationList section */
		4F481C702EA64640008DB8DE /* Build configuration list for PBXProject "Ancrate" */ = {
			isa = XCConfigurationList;
			buildConfigurations = (
				4F481C9C2EA64642008DB8DE /* Debug */,
				4F481C9D2EA64642008DB8DE /* Release */,
			);
			defaultConfigurationIsVisible = 0;
			defaultConfigurationName = Release;
		};
		4F481C992EA64642008DB8DE /* Build configuration list for PBXNativeTarget "Ancrate" */ = {
			isa = XCConfigurationList;
			buildConfigurations = (
				4F481C9A2EA64642008DB8DE /* Debug */,
				4F481C9B2EA64642008DB8DE /* Release */,
			);
			defaultConfigurationIsVisible = 0;
			defaultConfigurationName = Release;
		};
		4F481C9E2EA64642008DB8DE /* Build configuration list for PBXNativeTarget "AncrateTests" */ = {
			isa = XCConfigurationList;
			buildConfigurations = (
				4F481C9F2EA64642008DB8DE /* Debug */,
				4F481CA02EA64642008DB8DE /* Release */,
			);
			defaultConfigurationIsVisible = 0;
			defaultConfigurationName = Release;
		};
		4F481CA12EA64642008DB8DE /* Build configuration list for PBXNativeTarget "AncrateUITests" */ = {
			isa = XCConfigurationList;
			buildConfigurations = (
				4F481CA22EA64642008DB8DE /* Debug */,
				4F481CA32EA64642008DB8DE /* Release */,
			);
			defaultConfigurationIsVisible = 0;
			defaultConfigurationName = Release;
		};
		AC100000000000000000000D /* Build configuration list for PBXNativeTarget "AncrateWidgets" */ = {
			isa = XCConfigurationList;
			buildConfigurations = (
				AC100000000000000000000E /* Debug */,
				AC100000000000000000000F /* Release */,
			);
			defaultConfigurationIsVisible = 0;
			defaultConfigurationName = Release;
		};
/* End XCConfigurationList section */

/* Begin XCRemoteSwiftPackageReference section */
		4F7BB50A2EBA511B0027CDDB /* XCRemoteSwiftPackageReference "swift-protobuf" */ = {
			isa = XCRemoteSwiftPackageReference;
			repositoryURL = "https://github.com/apple/swift-protobuf.git";
			requirement = {
				kind = upToNextMajorVersion;
				minimumVersion = 1.33.3;
			};
		};
		5A1B2C3D4E5F60718293A4B5 /* XCRemoteSwiftPackageReference "swift-sdk" */ = {
			isa = XCRemoteSwiftPackageReference;
			repositoryURL = "https://github.com/modelcontextprotocol/swift-sdk.git";
			requirement = {
				kind = upToNextMajorVersion;
				minimumVersion = 0.11.0;
			};
		};
/* End XCRemoteSwiftPackageReference section */

/* Begin XCSwiftPackageProductDependency section */
		4F7BB50B2EBA511B0027CDDB /* SwiftProtobuf */ = {
			isa = XCSwiftPackageProductDependency;
			package = 4F7BB50A2EBA511B0027CDDB /* XCRemoteSwiftPackageReference "swift-protobuf" */;
			productName = SwiftProtobuf;
		};
		5A1B2C3D4E5F60718293A4B7 /* MCP */ = {
			isa = XCSwiftPackageProductDependency;
			package = 5A1B2C3D4E5F60718293A4B5 /* XCRemoteSwiftPackageReference "swift-sdk" */;
			productName = MCP;
		};
/* End XCSwiftPackageProductDependency section */
	};
	rootObject = 4F481C6D2EA64640008DB8DE /* Project object */;
}
